
Microsoft Visual Studio Solution File, Format Version 12.00
# Visual Studio Version 17
VisualStudioVersion = 17.1.32328.378
MinimumVisualStudioVersion = 10.0.40219.1
Project("{FAE04EC0-301F-11D3-BF4B-00C04F79EFBC}") = "Dep_injection", "Dep_injection\Dep_injection.csproj", "{E34E4ECD-73C9-46AD-88DD-3BD8DBF084D1}"
EndProject
Global
	GlobalSection(SolutionConfigurationPlatforms) = preSolution
		Debug|Any CPU = Debug|Any CPU
		Release|Any CPU = Release|Any CPU
	EndGlobalSection
	GlobalSection(ProjectConfigurationPlatforms) = postSolution
		{E34E4ECD-73C9-46AD-88DD-3BD8DBF084D1}.Debug|Any CPU.ActiveCfg = Debug|Any CPU
		{E34E4ECD-73C9-46AD-88DD-3BD8DBF084D1}.Debug|Any CPU.Build.0 = Debug|Any CPU
		{E34E4ECD-73C9-46AD-88DD-3BD8DBF084D1}.Release|Any CPU.ActiveCfg = Release|Any CPU
		{E34E4ECD-73C9-46AD-88DD-3BD8DBF084D1}.Release|Any CPU.Build.0 = Release|Any CPU
	EndGlobalSection
	GlobalSection(SolutionProperties) = preSolution
		HideSolutionNode = FALSE
	EndGlobalSection
	GlobalSection(ExtensibilityGlobals) = postSolution
		SolutionGuid = {3D72AF08-D72A-4C9C-ACB4-3550E397E6B2}
	EndGlobalSection
EndGlobal
